{
  "name": "email",
  "version": "1.0.0",
  "lockfileVersion": 3,
  "requires": true,
  "packages": {
    "": {
      "name": "email",
      "version": "1.0.0",
      "license": "ISC",
      "dependencies": {
        "kafkajs": "^2.2.4",
        "node-mailer": "^0.1.1",
        "nodemailer": "^7.0.2"
      }
    },
    "node_modules/kafkajs": {
      "version": "2.2.4",
      "resolved": "https://registry.npmjs.org/kafkajs/-/kafkajs-2.2.4.tgz",
      "integrity": "sha512-j/YeapB1vfPT2iOIUn/vxdyKEuhuY2PxMBvf5JWux6iSaukAccrMtXEY/Lb7OvavDhOWME589bpLrEdnVHjfjA==",
      "engines": {
        "node": ">=14.0.0"
      }
    },
    "node_modules/node-mailer": {
      "version": "0.1.1",
      "resolved": "https://registry.npmjs.org/node-mailer/-/node-mailer-0.1.1.tgz",
      "integrity": "sha512-L3YwTtPodsYr1sNPW/PxXw0rSOr/ldygaIph2YtXDwLGt9l8km/OjM0Wrr57Yf07JEEnDb3wApjhVdR0k5v0kw==",
      "deprecated": "node-mailer is not maintained",
      "dependencies": {
        "nodemailer": ">= 0.1.15"
      },
      "engines": {
        "node": "*"
      }
    },
    "node_modules/nodemailer": {
      "version": "7.0.2",
      "resolved": "https://registry.npmjs.org/nodemailer/-/nodemailer-7.0.2.tgz",
      "integrity": "sha512-SYsisPeLFYli5Q+BCGSyHT5CVvezPmQjHgINV9KVvVLV1aktuoD4E0Np9Q3ND9I481qIHzUQzVT+Tl/Tw7Ivdg==",
      "engines": {
        "node": ">=6.0.0"
      }
    }
  }
}
